
Microsoft Visual Studio Solution File, Format Version 12.00
# Visual Studio 15
VisualStudioVersion = 15.0.28307.168
MinimumVisualStudioVersion = 10.0.40219.1
Project("{FAE04EC0-301F-11D3-BF4B-00C04F79EFBC}") = "ConsoleApp1", "ConsoleApp1\ConsoleApp1.csproj", "{9BD434C2-487C-49C2-882A-700C6EAAB72F}"
EndProject
Global
	GlobalSection(SolutionConfigurationPlatforms) = preSolution
		Debug|Any CPU = Debug|Any CPU
		Release|Any CPU = Release|Any CPU
	EndGlobalSection
	GlobalSection(ProjectConfigurationPlatforms) = postSolution
		{9BD434C2-487C-49C2-882A-700C6EAAB72F}.Debug|Any CPU.ActiveCfg = Debug|Any CPU
		{9BD434C2-487C-49C2-882A-700C6EAAB72F}.Debug|Any CPU.Build.0 = Debug|Any CPU
		{9BD434C2-487C-49C2-882A-700C6EAAB72F}.Release|Any CPU.ActiveCfg = Release|Any CPU
		{9BD434C2-487C-49C2-882A-700C6EAAB72F}.Release|Any CPU.Build.0 = Release|Any CPU
	EndGlobalSection
	GlobalSection(SolutionProperties) = preSolution
		HideSolutionNode = FALSE
	EndGlobalSection
	GlobalSection(ExtensibilityGlobals) = postSolution
		SolutionGuid = {B5BC9E33-06B8-4324-A8E3-12983E134C88}
	EndGlobalSection
EndGlobal
